
Microsoft Visual Studio Solution File, Format Version 12.00
# Visual Studio Version 16
VisualStudioVersion = 16.0.29306.81
MinimumVisualStudioVersion = 10.0.40219.1
Project("{FAE04EC0-301F-11D3-BF4B-00C04F79EFBC}") = "HiChat", "HiChat\HiChat.csproj", "{30D78EA9-B5E8-4955-ACB2-4448FF0A7F25}"
EndProject
Global
	GlobalSection(SolutionConfigurationPlatforms) = preSolution
		Debug|Any CPU = Debug|Any CPU
		Release|Any CPU = Release|Any CPU
	EndGlobalSection
	GlobalSection(ProjectConfigurationPlatforms) = postSolution
		{30D78EA9-B5E8-4955-ACB2-4448FF0A7F25}.Debug|Any CPU.ActiveCfg = Debug|Any CPU
		{30D78EA9-B5E8-4955-ACB2-4448FF0A7F25}.Debug|Any CPU.Build.0 = Debug|Any CPU
		{30D78EA9-B5E8-4955-ACB2-4448FF0A7F25}.Release|Any CPU.ActiveCfg = Release|Any CPU
		{30D78EA9-B5E8-4955-ACB2-4448FF0A7F25}.Release|Any CPU.Build.0 = Release|Any CPU
	EndGlobalSection
	GlobalSection(SolutionProperties) = preSolution
		HideSolutionNode = FALSE
	EndGlobalSection
	GlobalSection(ExtensibilityGlobals) = postSolution
		SolutionGuid = {620F7BC2-69D7-46C1-9543-E1820EC44D28}
	EndGlobalSection
EndGlobal
